
Microsoft Visual Studio Solution File, Format Version 12.00
# Visual Studio 15
Project("{FAE04EC0-301F-11D3-BF4B-00C04F79EFBC}") = "Assembly-CSharp", "Assembly-CSharp.csproj", "{DA3A1E7F-892D-F547-59FB-7963F24B7FA8}"
EndProject
Project("{FAE04EC0-301F-11D3-BF4B-00C04F79EFBC}") = "Unity.2D.Tilemap.Extras", "Unity.2D.Tilemap.Extras.csproj", "{4E4C2438-EF9B-5729-1A78-E439C48CCA9E}"
EndProject
Project("{FAE04EC0-301F-11D3-BF4B-00C04F79EFBC}") = "Unity.2D.Tilemap.Extras.Editor", "Unity.2D.Tilemap.Extras.Editor.csproj", "{564BF35B-7E94-3430-4534-26BE27D304FD}"
EndProject
Project("{FAE04EC0-301F-11D3-BF4B-00C04F79EFBC}") = "Unity.2D.Tilemap.Extras.Placeholder.EditorTests", "Unity.2D.Tilemap.Extras.Placeholder.EditorTests.csproj", "{78CD3BFE-09AF-D229-0110-E141F1B7E407}"
EndProject
Global
	GlobalSection(SolutionConfigurationPlatforms) = preSolution
		Debug|Any CPU = Debug|Any CPU
		Release|Any CPU = Release|Any CPU
	EndGlobalSection
	GlobalSection(ProjectConfigurationPlatforms) = postSolution
		{DA3A1E7F-892D-F547-59FB-7963F24B7FA8}.Debug|Any CPU.ActiveCfg = Debug|Any CPU
		{DA3A1E7F-892D-F547-59FB-7963F24B7FA8}.Debug|Any CPU.Build.0 = Debug|Any CPU
		{DA3A1E7F-892D-F547-59FB-7963F24B7FA8}.Release|Any CPU.ActiveCfg = Release|Any CPU
		{DA3A1E7F-892D-F547-59FB-7963F24B7FA8}.Release|Any CPU.Build.0 = Release|Any CPU
		{4E4C2438-EF9B-5729-1A78-E439C48CCA9E}.Debug|Any CPU.ActiveCfg = Debug|Any CPU
		{4E4C2438-EF9B-5729-1A78-E439C48CCA9E}.Debug|Any CPU.Build.0 = Debug|Any CPU
		{4E4C2438-EF9B-5729-1A78-E439C48CCA9E}.Release|Any CPU.ActiveCfg = Release|Any CPU
		{4E4C2438-EF9B-5729-1A78-E439C48CCA9E}.Release|Any CPU.Build.0 = Release|Any CPU
		{564BF35B-7E94-3430-4534-26BE27D304FD}.Debug|Any CPU.ActiveCfg = Debug|Any CPU
		{564BF35B-7E94-3430-4534-26BE27D304FD}.Debug|Any CPU.Build.0 = Debug|Any CPU
		{564BF35B-7E94-3430-4534-26BE27D304FD}.Release|Any CPU.ActiveCfg = Release|Any CPU
		{564BF35B-7E94-3430-4534-26BE27D304FD}.Release|Any CPU.Build.0 = Release|Any CPU
		{78CD3BFE-09AF-D229-0110-E141F1B7E407}.Debug|Any CPU.ActiveCfg = Debug|Any CPU
		{78CD3BFE-09AF-D229-0110-E141F1B7E407}.Debug|Any CPU.Build.0 = Debug|Any CPU
		{78CD3BFE-09AF-D229-0110-E141F1B7E407}.Release|Any CPU.ActiveCfg = Release|Any CPU
		{78CD3BFE-09AF-D229-0110-E141F1B7E407}.Release|Any CPU.Build.0 = Release|Any CPU
	EndGlobalSection
	GlobalSection(SolutionProperties) = preSolution
		HideSolutionNode = FALSE
	EndGlobalSection
EndGlobal
